{
    "_meta": {
        "hash": {
            "sha256": "d7fc15fffefdb3506f8231c3e41c08e53b20355605681145460c2c80a93b1be0"
        },
        "pipfile-spec": 6,
        "requires": {
            "python_version": "3.10"
        },
        "sources": [
            {
                "name": "pypi",
                "url": "https://pypi.org/simple",
                "verify_ssl": true
            }
        ]
    },
    "default": {
        "networkx": {
            "hashes": [
                "sha256:58058d66b1818043527244fab9d41a51fcd7dcc271748015f3c181b8a90c8e2e",
                "sha256:9a9992345353618ae98339c2b63d8201c381c2944f38a2ab49cb45a4c667e412"
            ],
            "index": "pypi",
            "version": "==3.0"
        }
    },
    "develop": {}
}
