{
    "_meta": {
        "hash": {
            "sha256": "92dfc6421e88e5aa8132792631d3a8740f17fdcecf243adb343c93ce2251b444"
        },
        "pipfile-spec": 6,
        "requires": {
            "python_version": "3.11"
        },
        "sources": [
            {
                "name": "pypi",
                "url": "https://pypi.org/simple",
                "verify_ssl": true
            }
        ]
    },
    "default": {
        "cython": {
            "hashes": [
                "sha256:000dc9e135d0eec6ecb2b40a5b02d0868a2f8d2e027a41b0fe16a908a9e6de02",
                "sha256:05d7eddc668ae7993643f32c7661f25544e791edb745758672ea5b1a82ecffa6",
                "sha256:0c38c9f0bcce2df0c3347285863621be904ac6b64c5792d871130569d893efd7",
                "sha256:0cb2dcc565c7851f75d496f724a384a790fab12d1b82461b663e66605bec429a",
                "sha256:115f0a50f752da6c99941b103b5cb090da63eb206abbc7c2ad33856ffc73f064",
                "sha256:13c2a5e57a0358da467d97667297bf820b62a1a87ae47c5f87938b9bb593acbd",
                "sha256:16873d78be63bd38ffb759da7ab82814b36f56c769ee02b1d5859560e4c3ac3c",
                "sha256:171b27051253d3f9108e9759e504ba59ff06e7f7ba944457f94deaf9c21bf0b6",
                "sha256:17a642bb01a693e34c914106566f59844b4461665066613913463a719e0dd15d",
                "sha256:18bfa387d7a7f77d7b2526af69a65dbd0b731b8d941aaff5becff8e21f6d7717",
                "sha256:1ab75242869ff71e5665fe5c96f3378e79e792fa3c11762641b6c5afbbbbe026",
                "sha256:1aca1b97e0095b3a9a6c33eada3f661a4ed0d499067d121239b193e5ba3bb4f0",
                "sha256:289ce7838208211cd166e975865fd73b0649bf118170b6cebaedfbdaf4a37795",
                "sha256:2cde23c555470db3f149ede78b518e8274853745289c956a0e06ad8d982e4db9",
                "sha256:2cdfc32252f3b6dc7c94032ab744dcedb45286733443c294d8f909a4854e7f83",
                "sha256:2f020fa1c0552052e0660790b8153b79e3fc9a15dbd8f1d0b841fe5d204a6ae6",
                "sha256:314f2355a1f1d06e3c431eaad4708cf10037b5e91e4b231d89c913989d0bdafd",
                "sha256:3a3d67f079598af49e90ff9655bf85bd358f093d727eb21ca2708f467c489cae",
                "sha256:45523fdc2b78d79b32834cc1cc12dc2ca8967af87e22a3ee1bff20e77c7f5520",
                "sha256:4b983c8e6803f016146c26854d9150ddad5662960c804ea7f0c752c9266752f0",
                "sha256:51d1426263b0e82fb22bda8ea60dc77a428581cc19e97741011b938445d383f1",
                "sha256:547eb3cdb2f8c6f48e6865d5a741d9dd051c25b3ce076fbca571727977b28ac3",
                "sha256:5a567d4b9ba70b26db89d75b243529de9e649a2f56384287533cf91512705bee",
                "sha256:61a237bc9dd23c7faef0fcfce88c11c65d0c9bb73c74ccfa408b3a012073c20e",
                "sha256:6717c06e9cfc6c1df18543cd31a21f5d8e378a40f70c851fa2d34f0597037abc",
                "sha256:6c46939c3983217d140999de7c238c3141f56b1ea349e47ca49cae899969aa2c",
                "sha256:78825a3774211e7d5089730f00cdf7f473042acc9ceb8b9eeebe13ed3a5541de",
                "sha256:7990ca127e1f1beedaf8fc8bf66541d066ef4723ad7d8d47a7cbf842e0f47580",
                "sha256:7e8f2454128974905258d86534f4fd4f91d2f1343605657ecab779d80c9d6d5e",
                "sha256:80fd94c076e1e1b1ee40a309be03080b75f413e8997cddcf401a118879863388",
                "sha256:8140597a8b5cc4f119a1190f5a2228a84f5ca6d8d9ec386cfce24663f48b2539",
                "sha256:8333423d8fd5765e7cceea3a9985dd1e0a5dfeb2734629e1a2ed2d6233d39de6",
                "sha256:85077915a93e359a9b920280d214dc0cf8a62773e1f3d7d30fab8ea4daed670c",
                "sha256:870d2a0a7e3cbd5efa65aecdb38d715ea337a904ea7bb22324036e78fb7068e7",
                "sha256:90d3fe31db55685d8cb97d43b0ec39ef614fcf660f83c77ed06aa670cb0e164f",
                "sha256:96b028f044f5880e3cb18ecdcfc6c8d3ce9d0af28418d5ab464509f26d8adf12",
                "sha256:97b2a45845b993304f1799664fa88da676ee19442b15fdcaa31f9da7e1acc434",
                "sha256:9d3f74388db378a3c6fd06e79a809ed98df3f56484d317b81ee762dbf3c263e0",
                "sha256:9e2be2b340fea46fb849d378f9b80d3c08ff2e81e2bfbcdb656e2e3cd8c6b2dc",
                "sha256:a1df7a129344b1215c20096d33c00193437df1a8fcca25b71f17c23b1a44f782",
                "sha256:a846e0a38e2b24e9a5c5dc74b0e54c6e29420d88d1dafabc99e0fc0f3e338636",
                "sha256:a973268d7ca1a2bdf78575e459a94a78e1a0a9bb62a7db0c50041949a73b02ff",
                "sha256:aae26f9663e50caf9657148403d9874eea41770ecdd6caf381d177c2b1bb82ba",
                "sha256:ae7ac561fd8253a9ae96311e91d12af5f701383564edc11d6338a7b60b285a6f",
                "sha256:baa0b7f3f841fe087410cab66778e2d3fb20ae2d2078a2be3dffe66c6574be39",
                "sha256:bfabe115deef4ada5d23c87bddb11289123336dcc14347011832c07db616dd93",
                "sha256:c1949d6aa7bc792554bee2b67a9fe41008acbfe22f4f8df7b6ec7b799613a4b3",
                "sha256:c26daaeccda072459b48d211415fd1e5507c06bcd976fa0d5b8b9f1063467d7b",
                "sha256:c8aa05f5e17f8042a3be052c24f2edc013fb8af874b0bf76907d16c51b4e7871",
                "sha256:c9c0f29246734561c90f36e70ed0506b61aa3d044e4cc4cba559065a2a741fae",
                "sha256:c9f2c6e1b8f3bcd6cb230bac1843f85114780bb8be8614855b1628b36bb510e0",
                "sha256:de892422582f5758bd8de187e98ac829330ec1007bc42c661f687792999988a7",
                "sha256:df8093deabc55f37028190cf5e575c26aad23fc673f34b85d5f45076bc37ce39",
                "sha256:e24791ddae2324e88e3c902a765595c738f19ae34ee66bfb1a6dac54b1833419",
                "sha256:e87294e33e40c289c77a135f491cd721bd089f193f956f7b8ed5aa2d0b8c558f",
                "sha256:f05c0bf9d085c031df8f583f0d506aa3be1692023de18c45d0aaf78685bbb944",
                "sha256:fa97893d99385386925d00074654aeae3a98867f298d1e12ceaf38a9054a9bae",
                "sha256:fe81b339cffd87c0069c6049b4d33e28bdd1874625ee515785bf42c9fdff3658"
            ],
            "index": "pypi",
            "markers": "python_version >= '2.7' and python_version not in '3.0, 3.1, 3.2, 3.3'",
            "version": "==3.0.8"
        },
        "linetimer": {
            "hashes": [
                "sha256:18f917bf9c3afe2ba2375dbf97fd01189c1967fe4c49382036b03201e03c2889",
                "sha256:f9723860bbbeae05e4e1383b237e5b73f98c71b73e50dc8c2856a0580269752b"
            ],
            "index": "pypi",
            "version": "==0.1.5"
        },
        "setuptools": {
            "hashes": [
                "sha256:385eb4edd9c9d5c17540511303e39a147ce2fc04bc55289c322b9e5904fe2c05",
                "sha256:be1af57fc409f93647f2e8e4573a142ed38724b8cdd389706a867bb4efcf1e78"
            ],
            "index": "pypi",
            "markers": "python_version >= '3.8'",
            "version": "==69.0.3"
        },
        "z3-solver": {
            "hashes": [
                "sha256:03ce2639eced8a4d4bd432ebab15a6b1cb36119ba6a2854c01768ee2cd596c37",
                "sha256:50011e915e97c4d262a010ea0403081b2af71c8474b27c53185407beb30b6ac7",
                "sha256:6ffffdb41d714b6683cd87d8cf7eaa0e94eb40a6d5eca3636cb90a95d4e6760e",
                "sha256:956daa69d3c7017f704c64d11c9ed880e06f177923e9af695a03034fc0e2e36d",
                "sha256:f692c87437be8d585ebca124355cd6488d60331289f6bbebbde65cd497205128",
                "sha256:fbd7faea88bd32e6ba362913d1108d0bcb298df57154538a9bb2684757c35d0b"
            ],
            "index": "pypi",
            "version": "==4.12.4.0"
        }
    },
    "develop": {
        "snakeviz": {
            "hashes": [
                "sha256:569e2d71c47f80a886aa6e70d6405cb6d30aa3520969ad956b06f824c5f02b8e",
                "sha256:7bfd00be7ae147eb4a170a471578e1cd3f41f803238958b6b8efcf2c698a6aa9"
            ],
            "index": "pypi",
            "markers": "python_version >= '3.7'",
            "version": "==2.2.0"
        },
        "tornado": {
            "hashes": [
                "sha256:02ccefc7d8211e5a7f9e8bc3f9e5b0ad6262ba2fbb683a6443ecc804e5224ce0",
                "sha256:10aeaa8006333433da48dec9fe417877f8bcc21f48dda8d661ae79da357b2a63",
                "sha256:27787de946a9cffd63ce5814c33f734c627a87072ec7eed71f7fc4417bb16263",
                "sha256:6f8a6c77900f5ae93d8b4ae1196472d0ccc2775cc1dfdc9e7727889145c45052",
                "sha256:71ddfc23a0e03ef2df1c1397d859868d158c8276a0603b96cf86892bff58149f",
                "sha256:72291fa6e6bc84e626589f1c29d90a5a6d593ef5ae68052ee2ef000dfd273dee",
                "sha256:88b84956273fbd73420e6d4b8d5ccbe913c65d31351b4c004ae362eba06e1f78",
                "sha256:e43bc2e5370a6a8e413e1e1cd0c91bedc5bd62a74a532371042a18ef19e10579",
                "sha256:f0251554cdd50b4b44362f73ad5ba7126fc5b2c2895cc62b14a1c2d7ea32f212",
                "sha256:f7894c581ecdcf91666a0912f18ce5e757213999e183ebfc2c3fdbf4d5bd764e",
                "sha256:fd03192e287fbd0899dd8f81c6fb9cbbc69194d2074b38f384cb6fa72b80e9c2"
            ],
            "markers": "python_version >= '3.8'",
            "version": "==6.4"
        }
    }
}
