{
    "_meta": {
        "hash": {
            "sha256": "cad589ec69bbfe02835d5cfa064d679a4296fd5a7e645713b7fc9ed69046179d"
        },
        "pipfile-spec": 6,
        "requires": {
            "python_version": "3.10"
        },
        "sources": [
            {
                "name": "pypi",
                "url": "https://pypi.org/simple",
                "verify_ssl": true
            }
        ]
    },
    "default": {
        "linetimer": {
            "hashes": [
                "sha256:18f917bf9c3afe2ba2375dbf97fd01189c1967fe4c49382036b03201e03c2889",
                "sha256:f9723860bbbeae05e4e1383b237e5b73f98c71b73e50dc8c2856a0580269752b"
            ],
            "index": "pypi",
            "version": "==0.1.5"
        },
        "setuptools": {
            "hashes": [
                "sha256:80aacbf633704e9c8bfa1d99fa5dd4dc59573efcf9e4042c13d3bcef91ac2ef9",
                "sha256:f11dd94b7bae3a156a95ec151f24e4637fb4fa19c878e4d191bfb8b2d82728c4"
            ],
            "index": "pypi",
            "markers": "python_version >= '3.8'",
            "version": "==72.2.0"
        },
        "z3-solver": {
            "hashes": [
                "sha256:13468e1018c817b7f794898d3100f02541d15c13ab56c0785c5acdea32a066cf",
                "sha256:3555436cfe9a5fa2d1b432fb9a5e4460e487649c22e5e68a56f7d81594d043e9",
                "sha256:4a4731fded91b32e1861e1c7c96e500da743bb9431246cac51f7c3ffc0f21b5d",
                "sha256:52588e92aec7cb338fd6288ce93758ae01770f62ca0c80e8f4f2b2333feaf51b",
                "sha256:8c42de82b6e3ff7ee61287d03c7af8a99f9f6554cdd1204c6b9bca96ff1cb7fb",
                "sha256:9d622022a3511c059915c56b2c231c84b5c1be1b82f457d7560dda3d916474fe",
                "sha256:bca7d59a699a440247537c2180c519d682c9df3520a16ce288fced61a70d253d"
            ],
            "index": "pypi",
            "version": "==4.13.0.0"
        }
    },
    "develop": {
        "snakeviz": {
            "hashes": [
                "sha256:569e2d71c47f80a886aa6e70d6405cb6d30aa3520969ad956b06f824c5f02b8e",
                "sha256:7bfd00be7ae147eb4a170a471578e1cd3f41f803238958b6b8efcf2c698a6aa9"
            ],
            "index": "pypi",
            "markers": "python_version >= '3.7'",
            "version": "==2.2.0"
        },
        "tornado": {
            "hashes": [
                "sha256:163b0aafc8e23d8cdc3c9dfb24c5368af84a81e3364745ccb4427669bf84aec8",
                "sha256:25486eb223babe3eed4b8aecbac33b37e3dd6d776bc730ca14e1bf93888b979f",
                "sha256:454db8a7ecfcf2ff6042dde58404164d969b6f5d58b926da15e6b23817950fc4",
                "sha256:613bf4ddf5c7a95509218b149b555621497a6cc0d46ac341b30bd9ec19eac7f3",
                "sha256:6d5ce3437e18a2b66fbadb183c1d3364fb03f2be71299e7d10dbeeb69f4b2a14",
                "sha256:8ae50a504a740365267b2a8d1a90c9fbc86b780a39170feca9bcc1787ff80842",
                "sha256:92d3ab53183d8c50f8204a51e6f91d18a15d5ef261e84d452800d4ff6fc504e9",
                "sha256:a02a08cc7a9314b006f653ce40483b9b3c12cda222d6a46d4ac63bb6c9057698",
                "sha256:b24b8982ed444378d7f21d563f4180a2de31ced9d8d84443907a0a64da2072e7",
                "sha256:d9a566c40b89757c9aa8e6f032bcdb8ca8795d7c1a9762910c722b1635c9de4d",
                "sha256:e2e20b9113cd7293f164dc46fffb13535266e713cdb87bd2d15ddb336e96cfc4"
            ],
            "markers": "python_version >= '3.8'",
            "version": "==6.4.1"
        }
    }
}
